
Microsoft Visual Studio Solution File, Format Version 12.00
# Visual Studio Version 16
VisualStudioVersion = 16.0.31005.135
MinimumVisualStudioVersion = 10.0.40219.1
Project("{FAE04EC0-301F-11D3-BF4B-00C04F79EFBC}") = "Okta_AWSTookit", "Okta_AWSTookit\Okta_AWSTookit.csproj", "{F7154A04-313D-49C1-8B18-773B2F0D0840}"
EndProject
Global
	GlobalSection(SolutionConfigurationPlatforms) = preSolution
		Debug|Any CPU = Debug|Any CPU
		Release|Any CPU = Release|Any CPU
	EndGlobalSection
	GlobalSection(ProjectConfigurationPlatforms) = postSolution
		{F7154A04-313D-49C1-8B18-773B2F0D0840}.Debug|Any CPU.ActiveCfg = Debug|Any CPU
		{F7154A04-313D-49C1-8B18-773B2F0D0840}.Debug|Any CPU.Build.0 = Debug|Any CPU
		{F7154A04-313D-49C1-8B18-773B2F0D0840}.Release|Any CPU.ActiveCfg = Release|Any CPU
		{F7154A04-313D-49C1-8B18-773B2F0D0840}.Release|Any CPU.Build.0 = Release|Any CPU
	EndGlobalSection
	GlobalSection(SolutionProperties) = preSolution
		HideSolutionNode = FALSE
	EndGlobalSection
	GlobalSection(ExtensibilityGlobals) = postSolution
		SolutionGuid = {7246B2B3-8A58-443D-A14D-C1983D064524}
	EndGlobalSection
EndGlobal
